
Microsoft Visual Studio Solution File, Format Version 12.00
# Visual Studio 2013
VisualStudioVersion = 12.0.31101.0
MinimumVisualStudioVersion = 10.0.40219.1
Project("{FAE04EC0-301F-11D3-BF4B-00C04F79EFBC}") = "NuFridge.Service", "src\NuFridge.Service\NuFridge.Service.csproj", "{0CD12809-4154-4854-A894-9AE2EF297714}"
EndProject
Project("{2150E333-8FDC-42A3-9474-1A3956D46DE8}") = "Ciao", "Ciao", "{BC30ADE2-A030-450E-815F-EE922476A4D2}"
	ProjectSection(SolutionItems) = preProject
		Ciao.proj = Ciao.proj
		Ciao.props = Ciao.props
		Ciao.targets = Ciao.targets
	EndProjectSection
EndProject
Project("{2150E333-8FDC-42A3-9474-1A3956D46DE8}") = ".nuget", ".nuget", "{3045A24E-387B-46FE-A1B4-ED413793D719}"
	ProjectSection(SolutionItems) = preProject
		.nuget\NuGet.Config = .nuget\NuGet.Config
		.nuget\NuGet.exe = .nuget\NuGet.exe
		.nuget\NuGet.targets = .nuget\NuGet.targets
		src\.nuget\packages.config = src\.nuget\packages.config
	EndProjectSection
EndProject
Project("{FAE04EC0-301F-11D3-BF4B-00C04F79EFBC}") = "NuFridge.ControlPanel", "src\NuFridge.ControlPanel\NuFridge.ControlPanel.csproj", "{2B2EF5F2-9F8F-4837-BB75-7C2ECBE1C3DA}"
EndProject
Project("{FAE04EC0-301F-11D3-BF4B-00C04F79EFBC}") = "NuFridge.Installer", "src\NuFridge.Installer\NuFridge.Installer.csproj", "{C9E05DB7-77BB-48C0-AF6E-F007E44DEB80}"
EndProject
Global
	GlobalSection(SolutionConfigurationPlatforms) = preSolution
		Debug|Any CPU = Debug|Any CPU
		Debug|Mixed Platforms = Debug|Mixed Platforms
		Debug|x86 = Debug|x86
		Release|Any CPU = Release|Any CPU
		Release|Mixed Platforms = Release|Mixed Platforms
		Release|x86 = Release|x86
	EndGlobalSection
	GlobalSection(ProjectConfigurationPlatforms) = postSolution
		{0CD12809-4154-4854-A894-9AE2EF297714}.Debug|Any CPU.ActiveCfg = Debug|Any CPU
		{0CD12809-4154-4854-A894-9AE2EF297714}.Debug|Any CPU.Build.0 = Debug|Any CPU
		{0CD12809-4154-4854-A894-9AE2EF297714}.Debug|Mixed Platforms.ActiveCfg = Debug|Any CPU
		{0CD12809-4154-4854-A894-9AE2EF297714}.Debug|Mixed Platforms.Build.0 = Debug|Any CPU
		{0CD12809-4154-4854-A894-9AE2EF297714}.Debug|x86.ActiveCfg = Debug|Any CPU
		{0CD12809-4154-4854-A894-9AE2EF297714}.Release|Any CPU.ActiveCfg = Release|Any CPU
		{0CD12809-4154-4854-A894-9AE2EF297714}.Release|Any CPU.Build.0 = Release|Any CPU
		{0CD12809-4154-4854-A894-9AE2EF297714}.Release|Mixed Platforms.ActiveCfg = Release|Any CPU
		{0CD12809-4154-4854-A894-9AE2EF297714}.Release|Mixed Platforms.Build.0 = Release|Any CPU
		{0CD12809-4154-4854-A894-9AE2EF297714}.Release|x86.ActiveCfg = Release|Any CPU
		{2B2EF5F2-9F8F-4837-BB75-7C2ECBE1C3DA}.Debug|Any CPU.ActiveCfg = Debug|Any CPU
		{2B2EF5F2-9F8F-4837-BB75-7C2ECBE1C3DA}.Debug|Any CPU.Build.0 = Debug|Any CPU
		{2B2EF5F2-9F8F-4837-BB75-7C2ECBE1C3DA}.Debug|Mixed Platforms.ActiveCfg = Debug|Any CPU
		{2B2EF5F2-9F8F-4837-BB75-7C2ECBE1C3DA}.Debug|Mixed Platforms.Build.0 = Debug|Any CPU
		{2B2EF5F2-9F8F-4837-BB75-7C2ECBE1C3DA}.Debug|x86.ActiveCfg = Debug|Any CPU
		{2B2EF5F2-9F8F-4837-BB75-7C2ECBE1C3DA}.Release|Any CPU.ActiveCfg = Release|Any CPU
		{2B2EF5F2-9F8F-4837-BB75-7C2ECBE1C3DA}.Release|Any CPU.Build.0 = Release|Any CPU
		{2B2EF5F2-9F8F-4837-BB75-7C2ECBE1C3DA}.Release|Mixed Platforms.ActiveCfg = Release|Any CPU
		{2B2EF5F2-9F8F-4837-BB75-7C2ECBE1C3DA}.Release|Mixed Platforms.Build.0 = Release|Any CPU
		{2B2EF5F2-9F8F-4837-BB75-7C2ECBE1C3DA}.Release|x86.ActiveCfg = Release|Any CPU
		{C9E05DB7-77BB-48C0-AF6E-F007E44DEB80}.Debug|Any CPU.ActiveCfg = Debug|Any CPU
		{C9E05DB7-77BB-48C0-AF6E-F007E44DEB80}.Debug|Any CPU.Build.0 = Debug|Any CPU
		{C9E05DB7-77BB-48C0-AF6E-F007E44DEB80}.Debug|Mixed Platforms.ActiveCfg = Debug|Any CPU
		{C9E05DB7-77BB-48C0-AF6E-F007E44DEB80}.Debug|Mixed Platforms.Build.0 = Debug|Any CPU
		{C9E05DB7-77BB-48C0-AF6E-F007E44DEB80}.Debug|x86.ActiveCfg = Debug|Any CPU
		{C9E05DB7-77BB-48C0-AF6E-F007E44DEB80}.Release|Any CPU.ActiveCfg = Release|Any CPU
		{C9E05DB7-77BB-48C0-AF6E-F007E44DEB80}.Release|Any CPU.Build.0 = Release|Any CPU
		{C9E05DB7-77BB-48C0-AF6E-F007E44DEB80}.Release|Mixed Platforms.ActiveCfg = Release|Any CPU
		{C9E05DB7-77BB-48C0-AF6E-F007E44DEB80}.Release|Mixed Platforms.Build.0 = Release|Any CPU
		{C9E05DB7-77BB-48C0-AF6E-F007E44DEB80}.Release|x86.ActiveCfg = Release|Any CPU
	EndGlobalSection
	GlobalSection(SolutionProperties) = preSolution
		HideSolutionNode = FALSE
	EndGlobalSection
EndGlobal
